PODS:
  - SignalProtocolC (2.3.2)

DEPENDENCIES:
  - SignalProtocolC (from `../SignalProtocolC.podspec`)

EXTERNAL SOURCES:
  SignalProtocolC:
    :podspec: "../SignalProtocolC.podspec"

SPEC CHECKSUMS:
  SignalProtocolC: 051512e9f3abfeb4120c5e9673af9ae0ee370070

PODFILE CHECKSUM: 371150e42b2dd47483d342f5353e1de447285640

COCOAPODS: 1.5.3
