PODS:
  - SignalProtocolC (2.3.1)

DEPENDENCIES:
  - SignalProtocolC (from `../SignalProtocolC.podspec`)

EXTERNAL SOURCES:
  SignalProtocolC:
    :podspec: "../SignalProtocolC.podspec"

SPEC CHECKSUMS:
  SignalProtocolC: 510c0b566579cfc70fd2166a60290e96f2367137

PODFILE CHECKSUM: 371150e42b2dd47483d342f5353e1de447285640

COCOAPODS: 1.2.0
