// !$*UTF8*$!
{
	archiveVersion = 1;
	classes = {
	};
	objectVersion = 46;
	objects = {

/* Begin PBXBuildFile section */
		8A816B0123F8FA5B4F7AFB05 /* Pods_Tests_Pods_macOS.framework in Frameworks */ = {isa = PBXBuildFile; fileRef = 1610F06691A1FB9303BA4116 /* Pods_Tests_Pods_macOS.framework */; };
		D92D742E1E8D977300B478E8 /* signal_protocol_tests.m in Sources */ = {isa = PBXBuildFile; fileRef = D9CC4AC31D1EF7B600C327E5 /* signal_protocol_tests.m */; };
		D92D743A1E8D979E00B478E8 /* SignalProtocolC.framework in Frameworks */ = {isa = PBXBuildFile; fileRef = D92D74371E8D978B00B478E8 /* SignalProtocolC.framework */; };
		D92D74471E8D985100B478E8 /* signal_protocol_tests.m in Sources */ = {isa = PBXBuildFile; fileRef = D9CC4AC31D1EF7B600C327E5 /* signal_protocol_tests.m */; };
		D92D744A1E8D986000B478E8 /* SignalProtocolC.framework in Frameworks */ = {isa = PBXBuildFile; fileRef = D92D74351E8D978B00B478E8 /* SignalProtocolC.framework */; };
		D9CC4AC41D1EF7B600C327E5 /* signal_protocol_tests.m in Sources */ = {isa = PBXBuildFile; fileRef = D9CC4AC31D1EF7B600C327E5 /* signal_protocol_tests.m */; };
/* End PBXBuildFile section */

/* Begin PBXContainerItemProxy section */
		D907111620C656050034BF4F /* PBXContainerItemProxy */ = {
			isa = PBXContainerItemProxy;
			containerPortal = D92D742F1E8D978B00B478E8 /* SignalProtocolC.xcodeproj */;
			proxyType = 2;
			remoteGlobalIDString = CEF63B542049747B00227B9D;
			remoteInfo = "SignalProtocolC (tvOS)";
		};
		D907111820C656050034BF4F /* PBXContainerItemProxy */ = {
			isa = PBXContainerItemProxy;
			containerPortal = D92D742F1E8D978B00B478E8 /* SignalProtocolC.xcodeproj */;
			proxyType = 2;
			remoteGlobalIDString = CEF63B61204974B100227B9D;
			remoteInfo = "SignalProtocolC (watchOS)";
		};
		D92D74341E8D978B00B478E8 /* PBXContainerItemProxy */ = {
			isa = PBXContainerItemProxy;
			containerPortal = D92D742F1E8D978B00B478E8 /* SignalProtocolC.xcodeproj */;
			proxyType = 2;
			remoteGlobalIDString = D92D72261E8D91CC00B478E8;
			remoteInfo = "SignalProtocolC (iOS)";
		};
		D92D74361E8D978B00B478E8 /* PBXContainerItemProxy */ = {
			isa = PBXContainerItemProxy;
			containerPortal = D92D742F1E8D978B00B478E8 /* SignalProtocolC.xcodeproj */;
			proxyType = 2;
			remoteGlobalIDString = D92D74201E8D94D000B478E8;
			remoteInfo = "SignalProtocolC (macOS)";
		};
		D92D74381E8D979400B478E8 /* PBXContainerItemProxy */ = {
			isa = PBXContainerItemProxy;
			containerPortal = D92D742F1E8D978B00B478E8 /* SignalProtocolC.xcodeproj */;
			proxyType = 1;
			remoteGlobalIDString = D92D737A1E8D94D000B478E8;
			remoteInfo = "SignalProtocolC (macOS)";
		};
		D92D74481E8D985900B478E8 /* PBXContainerItemProxy */ = {
			isa = PBXContainerItemProxy;
			containerPortal = D92D742F1E8D978B00B478E8 /* SignalProtocolC.xcodeproj */;
			proxyType = 1;
			remoteGlobalIDString = D92D72251E8D91CC00B478E8;
			remoteInfo = "SignalProtocolC (iOS)";
		};
/* End PBXContainerItemProxy section */

/* Begin PBXFileReference section */
		1610F06691A1FB9303BA4116 /* Pods_Tests_Pods_macOS.framework */ = {isa = PBXFileReference; explicitFileType = wrapper.framework; includeInIndex = 0; path = Pods_Tests_Pods_macOS.framework; sourceTree = BUILT_PRODUCTS_DIR; };
		1E2D97BBB555E9E611A831A8 /* Pods-Tests-Pods-macOS.debug.xcconfig */ = {isa = PBXFileReference; includeInIndex = 1; lastKnownFileType = text.xcconfig; name = "Pods-Tests-Pods-macOS.debug.xcconfig"; path = "Pods/Target Support Files/Pods-Tests-Pods-macOS/Pods-Tests-Pods-macOS.debug.xcconfig"; sourceTree = "<group>"; };
		1EE146342F4D51357743A3EC /* Pods-Tests-Pods-macOS.release.xcconfig */ = {isa = PBXFileReference; includeInIndex = 1; lastKnownFileType = text.xcconfig; name = "Pods-Tests-Pods-macOS.release.xcconfig"; path = "Pods/Target Support Files/Pods-Tests-Pods-macOS/Pods-Tests-Pods-macOS.release.xcconfig"; sourceTree = "<group>"; };
		D92D74261E8D96FC00B478E8 /* Tests-Framework-macOS.xctest */ = {isa = PBXFileReference; explicitFileType = wrapper.cfbundle; includeInIndex = 0; path = "Tests-Framework-macOS.xctest"; sourceTree = BUILT_PRODUCTS_DIR; };
		D92D742F1E8D978B00B478E8 /* SignalProtocolC.xcodeproj */ = {isa = PBXFileReference; lastKnownFileType = "wrapper.pb-project"; name = SignalProtocolC.xcodeproj; path = ../SignalProtocolC.xcodeproj; sourceTree = "<group>"; };
		D92D743F1E8D981100B478E8 /* Tests-Framework-iOS.xctest */ = {isa = PBXFileReference; explicitFileType = wrapper.cfbundle; includeInIndex = 0; path = "Tests-Framework-iOS.xctest"; sourceTree = BUILT_PRODUCTS_DIR; };
		D9CC4AC01D1EF7B600C327E5 /* Tests-Pods-macOS.xctest */ = {isa = PBXFileReference; explicitFileType = wrapper.cfbundle; includeInIndex = 0; path = "Tests-Pods-macOS.xctest"; sourceTree = BUILT_PRODUCTS_DIR; };
		D9CC4AC31D1EF7B600C327E5 /* signal_protocol_tests.m */ = {isa = PBXFileReference; lastKnownFileType = sourcecode.c.objc; path = signal_protocol_tests.m; sourceTree = "<group>"; };
		D9CC4AC51D1EF7B600C327E5 /* Info.plist */ = {isa = PBXFileReference; lastKnownFileType = text.plist.xml; path = Info.plist; sourceTree = "<group>"; };
/* End PBXFileReference section */

/* Begin PBXFrameworksBuildPhase section */
		D92D74231E8D96FC00B478E8 /* Frameworks */ = {
			isa = PBXFrameworksBuildPhase;
			buildActionMask = 2147483647;
			files = (
				D92D743A1E8D979E00B478E8 /* SignalProtocolC.framework in Frameworks */,
			);
			runOnlyForDeploymentPostprocessing = 0;
		};
		D92D743C1E8D981100B478E8 /* Frameworks */ = {
			isa = PBXFrameworksBuildPhase;
			buildActionMask = 2147483647;
			files = (
				D92D744A1E8D986000B478E8 /* SignalProtocolC.framework in Frameworks */,
			);
			runOnlyForDeploymentPostprocessing = 0;
		};
		D9CC4ABD1D1EF7B600C327E5 /* Frameworks */ = {
			isa = PBXFrameworksBuildPhase;
			buildActionMask = 2147483647;
			files = (
				8A816B0123F8FA5B4F7AFB05 /* Pods_Tests_Pods_macOS.framework in Frameworks */,
			);
			runOnlyForDeploymentPostprocessing = 0;
		};
/* End PBXFrameworksBuildPhase section */

/* Begin PBXGroup section */
		9F09DADA389BA3E871944C0C /* Pods */ = {
			isa = PBXGroup;
			children = (
				1E2D97BBB555E9E611A831A8 /* Pods-Tests-Pods-macOS.debug.xcconfig */,
				1EE146342F4D51357743A3EC /* Pods-Tests-Pods-macOS.release.xcconfig */,
			);
			name = Pods;
			sourceTree = "<group>";
		};
		B637D98CDD540C5A2174F904 /* Frameworks */ = {
			isa = PBXGroup;
			children = (
				1610F06691A1FB9303BA4116 /* Pods_Tests_Pods_macOS.framework */,
			);
			name = Frameworks;
			sourceTree = "<group>";
		};
		D92D74301E8D978B00B478E8 /* Products */ = {
			isa = PBXGroup;
			children = (
				D92D74351E8D978B00B478E8 /* SignalProtocolC.framework */,
				D92D74371E8D978B00B478E8 /* SignalProtocolC.framework */,
				D907111720C656050034BF4F /* SignalProtocolC.framework */,
				D907111920C656050034BF4F /* SignalProtocolC.framework */,
			);
			name = Products;
			sourceTree = "<group>";
		};
		D9CC4AB51D1EF77600C327E5 = {
			isa = PBXGroup;
			children = (
				D92D742F1E8D978B00B478E8 /* SignalProtocolC.xcodeproj */,
				D9CC4AC21D1EF7B600C327E5 /* signal-protocol-tests */,
				D9CC4AC11D1EF7B600C327E5 /* Products */,
				9F09DADA389BA3E871944C0C /* Pods */,
				B637D98CDD540C5A2174F904 /* Frameworks */,
			);
			sourceTree = "<group>";
		};
		D9CC4AC11D1EF7B600C327E5 /* Products */ = {
			isa = PBXGroup;
			children = (
				D9CC4AC01D1EF7B600C327E5 /* Tests-Pods-macOS.xctest */,
				D92D74261E8D96FC00B478E8 /* Tests-Framework-macOS.xctest */,
				D92D743F1E8D981100B478E8 /* Tests-Framework-iOS.xctest */,
			);
			name = Products;
			sourceTree = "<group>";
		};
		D9CC4AC21D1EF7B600C327E5 /* signal-protocol-tests */ = {
			isa = PBXGroup;
			children = (
				D9CC4AC31D1EF7B600C327E5 /* signal_protocol_tests.m */,
				D9CC4AC51D1EF7B600C327E5 /* Info.plist */,
			);
			path = "signal-protocol-tests";
			sourceTree = "<group>";
		};
/* End PBXGroup section */

/* Begin PBXNativeTarget section */
		D92D74251E8D96FC00B478E8 /* Tests-Framework-macOS */ = {
			isa = PBXNativeTarget;
			buildConfigurationList = D92D742D1E8D96FC00B478E8 /* Build configuration list for PBXNativeTarget "Tests-Framework-macOS" */;
			buildPhases = (
				D92D74221E8D96FC00B478E8 /* Sources */,
				D92D74231E8D96FC00B478E8 /* Frameworks */,
				D92D74241E8D96FC00B478E8 /* Resources */,
			);
			buildRules = (
			);
			dependencies = (
				D92D74391E8D979400B478E8 /* PBXTargetDependency */,
			);
			name = "Tests-Framework-macOS";
			productName = "Tests-Framework";
			productReference = D92D74261E8D96FC00B478E8 /* Tests-Framework-macOS.xctest */;
			productType = "com.apple.product-type.bundle.unit-test";
		};
		D92D743E1E8D981100B478E8 /* Tests-Framework-iOS */ = {
			isa = PBXNativeTarget;
			buildConfigurationList = D92D74441E8D981100B478E8 /* Build configuration list for PBXNativeTarget "Tests-Framework-iOS" */;
			buildPhases = (
				D92D743B1E8D981100B478E8 /* Sources */,
				D92D743C1E8D981100B478E8 /* Frameworks */,
				D92D743D1E8D981100B478E8 /* Resources */,
			);
			buildRules = (
			);
			dependencies = (
				D92D74491E8D985900B478E8 /* PBXTargetDependency */,
			);
			name = "Tests-Framework-iOS";
			productName = "Tests-Framework-iOS";
			productReference = D92D743F1E8D981100B478E8 /* Tests-Framework-iOS.xctest */;
			productType = "com.apple.product-type.bundle.unit-test";
		};
		D9CC4ABF1D1EF7B600C327E5 /* Tests-Pods-macOS */ = {
			isa = PBXNativeTarget;
			buildConfigurationList = D9CC4AC61D1EF7B600C327E5 /* Build configuration list for PBXNativeTarget "Tests-Pods-macOS" */;
			buildPhases = (
				9712516E57B51A9B35F612F8 /* [CP] Check Pods Manifest.lock */,
				D9CC4ABC1D1EF7B600C327E5 /* Sources */,
				D9CC4ABD1D1EF7B600C327E5 /* Frameworks */,
				D9CC4ABE1D1EF7B600C327E5 /* Resources */,
				0E4BA9F0B2D22A4DB58387CA /* [CP] Embed Pods Frameworks */,
			);
			buildRules = (
			);
			dependencies = (
			);
			name = "Tests-Pods-macOS";
			productName = "signal-protocol-tests";
			productReference = D9CC4AC01D1EF7B600C327E5 /* Tests-Pods-macOS.xctest */;
			productType = "com.apple.product-type.bundle.unit-test";
		};
/* End PBXNativeTarget section */

/* Begin PBXProject section */
		D9CC4AB61D1EF77600C327E5 /* Project object */ = {
			isa = PBXProject;
			attributes = {
				LastUpgradeCheck = 0940;
				TargetAttributes = {
					D92D74251E8D96FC00B478E8 = {
						CreatedOnToolsVersion = 8.3;
						ProvisioningStyle = Automatic;
					};
					D92D743E1E8D981100B478E8 = {
						CreatedOnToolsVersion = 8.3;
						ProvisioningStyle = Automatic;
					};
					D9CC4ABF1D1EF7B600C327E5 = {
						CreatedOnToolsVersion = 7.3.1;
					};
				};
			};
			buildConfigurationList = D9CC4AB91D1EF77600C327E5 /* Build configuration list for PBXProject "libsignal-protocol-c" */;
			compatibilityVersion = "Xcode 3.2";
			developmentRegion = English;
			hasScannedForEncodings = 0;
			knownRegions = (
				en,
			);
			mainGroup = D9CC4AB51D1EF77600C327E5;
			productRefGroup = D9CC4AC11D1EF7B600C327E5 /* Products */;
			projectDirPath = "";
			projectReferences = (
				{
					ProductGroup = D92D74301E8D978B00B478E8 /* Products */;
					ProjectRef = D92D742F1E8D978B00B478E8 /* SignalProtocolC.xcodeproj */;
				},
			);
			projectRoot = "";
			targets = (
				D9CC4ABF1D1EF7B600C327E5 /* Tests-Pods-macOS */,
				D92D74251E8D96FC00B478E8 /* Tests-Framework-macOS */,
				D92D743E1E8D981100B478E8 /* Tests-Framework-iOS */,
			);
		};
/* End PBXProject section */

/* Begin PBXReferenceProxy section */
		D907111720C656050034BF4F /* SignalProtocolC.framework */ = {
			isa = PBXReferenceProxy;
			fileType = wrapper.framework;
			path = SignalProtocolC.framework;
			remoteRef = D907111620C656050034BF4F /* PBXContainerItemProxy */;
			sourceTree = BUILT_PRODUCTS_DIR;
		};
		D907111920C656050034BF4F /* SignalProtocolC.framework */ = {
			isa = PBXReferenceProxy;
			fileType = wrapper.framework;
			path = SignalProtocolC.framework;
			remoteRef = D907111820C656050034BF4F /* PBXContainerItemProxy */;
			sourceTree = BUILT_PRODUCTS_DIR;
		};
		D92D74351E8D978B00B478E8 /* SignalProtocolC.framework */ = {
			isa = PBXReferenceProxy;
			fileType = wrapper.framework;
			path = SignalProtocolC.framework;
			remoteRef = D92D74341E8D978B00B478E8 /* PBXContainerItemProxy */;
			sourceTree = BUILT_PRODUCTS_DIR;
		};
		D92D74371E8D978B00B478E8 /* SignalProtocolC.framework */ = {
			isa = PBXReferenceProxy;
			fileType = wrapper.framework;
			path = SignalProtocolC.framework;
			remoteRef = D92D74361E8D978B00B478E8 /* PBXContainerItemProxy */;
			sourceTree = BUILT_PRODUCTS_DIR;
		};
/* End PBXReferenceProxy section */

/* Begin PBXResourcesBuildPhase section */
		D92D74241E8D96FC00B478E8 /* Resources */ = {
			isa = PBXResourcesBuildPhase;
			buildActionMask = 2147483647;
			files = (
			);
			runOnlyForDeploymentPostprocessing = 0;
		};
		D92D743D1E8D981100B478E8 /* Resources */ = {
			isa = PBXResourcesBuildPhase;
			buildActionMask = 2147483647;
			files = (
			);
			runOnlyForDeploymentPostprocessing = 0;
		};
		D9CC4ABE1D1EF7B600C327E5 /* Resources */ = {
			isa = PBXResourcesBuildPhase;
			buildActionMask = 2147483647;
			files = (
			);
			runOnlyForDeploymentPostprocessing = 0;
		};
/* End PBXResourcesBuildPhase section */

/* Begin PBXShellScriptBuildPhase section */
		0E4BA9F0B2D22A4DB58387CA /* [CP] Embed Pods Frameworks */ = {
			isa = PBXShellScriptBuildPhase;
			buildActionMask = 2147483647;
			files = (
			);
			inputPaths = (
				"${SRCROOT}/Pods/Target Support Files/Pods-Tests-Pods-macOS/Pods-Tests-Pods-macOS-frameworks.sh",
				"${BUILT_PRODUCTS_DIR}/SignalProtocolC/SignalProtocolC.framework",
			);
			name = "[CP] Embed Pods Frameworks";
			outputPaths = (
				"${TARGET_BUILD_DIR}/${FRAMEWORKS_FOLDER_PATH}/SignalProtocolC.framework",
			);
			runOnlyForDeploymentPostprocessing = 0;
			shellPath = /bin/sh;
			shellScript = "\"${SRCROOT}/Pods/Target Support Files/Pods-Tests-Pods-macOS/Pods-Tests-Pods-macOS-frameworks.sh\"\n";
			showEnvVarsInLog = 0;
		};
		9712516E57B51A9B35F612F8 /* [CP] Check Pods Manifest.lock */ = {
			isa = PBXShellScriptBuildPhase;
			buildActionMask = 2147483647;
			files = (
			);
			inputPaths = (
				"${PODS_PODFILE_DIR_PATH}/Podfile.lock",
				"${PODS_ROOT}/Manifest.lock",
			);
			name = "[CP] Check Pods Manifest.lock";
			outputPaths = (
				"$(DERIVED_FILE_DIR)/Pods-Tests-Pods-macOS-checkManifestLockResult.txt",
			);
			runOnlyForDeploymentPostprocessing = 0;
			shellPath = /bin/sh;
			shellScript = "diff \"${PODS_PODFILE_DIR_PATH}/Podfile.lock\" \"${PODS_ROOT}/Manifest.lock\" > /dev/null\nif [ $? != 0 ] ; then\n    # print error to STDERR\n    echo \"error: The sandbox is not in sync with the Podfile.lock. Run 'pod install' or update your CocoaPods installation.\" >&2\n    exit 1\nfi\n# This output is used by Xcode 'outputs' to avoid re-running this script phase.\necho \"SUCCESS\" > \"${SCRIPT_OUTPUT_FILE_0}\"\n";
			showEnvVarsInLog = 0;
		};
/* End PBXShellScriptBuildPhase section */

/* Begin PBXSourcesBuildPhase section */
		D92D74221E8D96FC00B478E8 /* Sources */ = {
			isa = PBXSourcesBuildPhase;
			buildActionMask = 2147483647;
			files = (
				D92D742E1E8D977300B478E8 /* signal_protocol_tests.m in Sources */,
			);
			runOnlyForDeploymentPostprocessing = 0;
		};
		D92D743B1E8D981100B478E8 /* Sources */ = {
			isa = PBXSourcesBuildPhase;
			buildActionMask = 2147483647;
			files = (
				D92D74471E8D985100B478E8 /* signal_protocol_tests.m in Sources */,
			);
			runOnlyForDeploymentPostprocessing = 0;
		};
		D9CC4ABC1D1EF7B600C327E5 /* Sources */ = {
			isa = PBXSourcesBuildPhase;
			buildActionMask = 2147483647;
			files = (
				D9CC4AC41D1EF7B600C327E5 /* signal_protocol_tests.m in Sources */,
			);
			runOnlyForDeploymentPostprocessing = 0;
		};
/* End PBXSourcesBuildPhase section */

/* Begin PBXTargetDependency section */
		D92D74391E8D979400B478E8 /* PBXTargetDependency */ = {
			isa = PBXTargetDependency;
			name = "SignalProtocolC (macOS)";
			targetProxy = D92D74381E8D979400B478E8 /* PBXContainerItemProxy */;
		};
		D92D74491E8D985900B478E8 /* PBXTargetDependency */ = {
			isa = PBXTargetDependency;
			name = "SignalProtocolC (iOS)";
			targetProxy = D92D74481E8D985900B478E8 /* PBXContainerItemProxy */;
		};
/* End PBXTargetDependency section */

/* Begin XCBuildConfiguration section */
		D92D742B1E8D96FC00B478E8 /* Debug */ = {
			isa = XCBuildConfiguration;
			buildSettings = {
				ALWAYS_SEARCH_USER_PATHS = NO;
				CLANG_ANALYZER_NONNULL = YES;
				CLANG_ANALYZER_NUMBER_OBJECT_CONVERSION = YES_AGGRESSIVE;
				CLANG_CXX_LANGUAGE_STANDARD = "gnu++0x";
				CLANG_CXX_LIBRARY = "libc++";
				CLANG_ENABLE_MODULES = YES;
				CLANG_ENABLE_OBJC_ARC = YES;
				CLANG_WARN_DIRECT_OBJC_ISA_USAGE = YES_ERROR;
				CLANG_WARN_DOCUMENTATION_COMMENTS = YES;
				CLANG_WARN_OBJC_ROOT_CLASS = YES_ERROR;
				CODE_SIGN_IDENTITY = "-";
				COMBINE_HIDPI_IMAGES = YES;
				COPY_PHASE_STRIP = NO;
				DEBUG_INFORMATION_FORMAT = dwarf;
				GCC_C_LANGUAGE_STANDARD = gnu99;
				GCC_DYNAMIC_NO_PIC = NO;
				GCC_OPTIMIZATION_LEVEL = 0;
				GCC_PREPROCESSOR_DEFINITIONS = (
					"DEBUG=1",
					"$(inherited)",
				);
				GCC_WARN_ABOUT_RETURN_TYPE = YES_ERROR;
				GCC_WARN_UNINITIALIZED_AUTOS = YES_AGGRESSIVE;
				INFOPLIST_FILE = "signal-protocol-tests/Info.plist";
				LD_RUNPATH_SEARCH_PATHS = "$(inherited) @executable_path/../Frameworks @loader_path/../Frameworks";
				MACOSX_DEPLOYMENT_TARGET = 10.12;
				MTL_ENABLE_DEBUG_INFO = YES;
				PRODUCT_BUNDLE_IDENTIFIER = "org.whispersystems.Tests-Framework";
				PRODUCT_NAME = "$(TARGET_NAME)";
				SDKROOT = macosx;
			};
			name = Debug;
		};
		D92D742C1E8D96FC00B478E8 /* Release */ = {
			isa = XCBuildConfiguration;
			buildSettings = {
				ALWAYS_SEARCH_USER_PATHS = NO;
				CLANG_ANALYZER_NONNULL = YES;
				CLANG_ANALYZER_NUMBER_OBJECT_CONVERSION = YES_AGGRESSIVE;
				CLANG_CXX_LANGUAGE_STANDARD = "gnu++0x";
				CLANG_CXX_LIBRARY = "libc++";
				CLANG_ENABLE_MODULES = YES;
				CLANG_ENABLE_OBJC_ARC = YES;
				CLANG_WARN_DIRECT_OBJC_ISA_USAGE = YES_ERROR;
				CLANG_WARN_DOCUMENTATION_COMMENTS = YES;
				CLANG_WARN_OBJC_ROOT_CLASS = YES_ERROR;
				CODE_SIGN_IDENTITY = "-";
				COMBINE_HIDPI_IMAGES = YES;
				COPY_PHASE_STRIP = NO;
				DEBUG_INFORMATION_FORMAT = "dwarf-with-dsym";
				ENABLE_NS_ASSERTIONS = NO;
				GCC_C_LANGUAGE_STANDARD = gnu99;
				GCC_WARN_ABOUT_RETURN_TYPE = YES_ERROR;
				GCC_WARN_UNINITIALIZED_AUTOS = YES_AGGRESSIVE;
				INFOPLIST_FILE = "signal-protocol-tests/Info.plist";
				LD_RUNPATH_SEARCH_PATHS = "$(inherited) @executable_path/../Frameworks @loader_path/../Frameworks";
				MACOSX_DEPLOYMENT_TARGET = 10.12;
				MTL_ENABLE_DEBUG_INFO = NO;
				PRODUCT_BUNDLE_IDENTIFIER = "org.whispersystems.Tests-Framework";
				PRODUCT_NAME = "$(TARGET_NAME)";
				SDKROOT = macosx;
			};
			name = Release;
		};
		D92D74451E8D981100B478E8 /* Debug */ = {
			isa = XCBuildConfiguration;
			buildSettings = {
				ALWAYS_SEARCH_USER_PATHS = NO;
				CLANG_ANALYZER_NONNULL = YES;
				CLANG_ANALYZER_NUMBER_OBJECT_CONVERSION = YES_AGGRESSIVE;
				CLANG_CXX_LANGUAGE_STANDARD = "gnu++0x";
				CLANG_CXX_LIBRARY = "libc++";
				CLANG_ENABLE_MODULES = YES;
				CLANG_ENABLE_OBJC_ARC = YES;
				CLANG_WARN_DIRECT_OBJC_ISA_USAGE = YES_ERROR;
				CLANG_WARN_DOCUMENTATION_COMMENTS = YES;
				CLANG_WARN_OBJC_ROOT_CLASS = YES_ERROR;
				"CODE_SIGN_IDENTITY[sdk=iphoneos*]" = "iPhone Developer";
				COPY_PHASE_STRIP = NO;
				DEBUG_INFORMATION_FORMAT = dwarf;
				DEVELOPMENT_TEAM = "";
				GCC_C_LANGUAGE_STANDARD = gnu99;
				GCC_DYNAMIC_NO_PIC = NO;
				GCC_OPTIMIZATION_LEVEL = 0;
				GCC_PREPROCESSOR_DEFINITIONS = (
					"DEBUG=1",
					"$(inherited)",
				);
				GCC_WARN_ABOUT_RETURN_TYPE = YES_ERROR;
				GCC_WARN_UNINITIALIZED_AUTOS = YES_AGGRESSIVE;
				INFOPLIST_FILE = "signal-protocol-tests/Info.plist";
				IPHONEOS_DEPLOYMENT_TARGET = 10.3;
				LD_RUNPATH_SEARCH_PATHS = "$(inherited) @executable_path/Frameworks @loader_path/Frameworks";
				MTL_ENABLE_DEBUG_INFO = YES;
				PRODUCT_BUNDLE_IDENTIFIER = "org.whispersystems.Tests-Framework-iOS";
				PRODUCT_NAME = "$(TARGET_NAME)";
				PROVISIONING_PROFILE_SPECIFIER = "";
				SDKROOT = iphoneos;
			};
			name = Debug;
		};
		D92D74461E8D981100B478E8 /* Release */ = {
			isa = XCBuildConfiguration;
			buildSettings = {
				ALWAYS_SEARCH_USER_PATHS = NO;
				CLANG_ANALYZER_NONNULL = YES;
				CLANG_ANALYZER_NUMBER_OBJECT_CONVERSION = YES_AGGRESSIVE;
				CLANG_CXX_LANGUAGE_STANDARD = "gnu++0x";
				CLANG_CXX_LIBRARY = "libc++";
				CLANG_ENABLE_MODULES = YES;
				CLANG_ENABLE_OBJC_ARC = YES;
				CLANG_WARN_DIRECT_OBJC_ISA_USAGE = YES_ERROR;
				CLANG_WARN_DOCUMENTATION_COMMENTS = YES;
				CLANG_WARN_OBJC_ROOT_CLASS = YES_ERROR;
				"CODE_SIGN_IDENTITY[sdk=iphoneos*]" = "iPhone Developer";
				COPY_PHASE_STRIP = NO;
				DEBUG_INFORMATION_FORMAT = "dwarf-with-dsym";
				DEVELOPMENT_TEAM = "";
				ENABLE_NS_ASSERTIONS = NO;
				GCC_C_LANGUAGE_STANDARD = gnu99;
				GCC_WARN_ABOUT_RETURN_TYPE = YES_ERROR;
				GCC_WARN_UNINITIALIZED_AUTOS = YES_AGGRESSIVE;
				INFOPLIST_FILE = "signal-protocol-tests/Info.plist";
				IPHONEOS_DEPLOYMENT_TARGET = 10.3;
				LD_RUNPATH_SEARCH_PATHS = "$(inherited) @executable_path/Frameworks @loader_path/Frameworks";
				MTL_ENABLE_DEBUG_INFO = NO;
				PRODUCT_BUNDLE_IDENTIFIER = "org.whispersystems.Tests-Framework-iOS";
				PRODUCT_NAME = "$(TARGET_NAME)";
				PROVISIONING_PROFILE_SPECIFIER = "";
				SDKROOT = iphoneos;
				VALIDATE_PRODUCT = YES;
			};
			name = Release;
		};
		D9CC4ABA1D1EF77600C327E5 /* Debug */ = {
			isa = XCBuildConfiguration;
			buildSettings = {
				CLANG_WARN_BLOCK_CAPTURE_AUTORELEASING = YES;
				CLANG_WARN_BOOL_CONVERSION = YES;
				CLANG_WARN_COMMA = YES;
				CLANG_WARN_CONSTANT_CONVERSION = YES;
				CLANG_WARN_DEPRECATED_OBJC_IMPLEMENTATIONS = YES;
				CLANG_WARN_EMPTY_BODY = YES;
				CLANG_WARN_ENUM_CONVERSION = YES;
				CLANG_WARN_INFINITE_RECURSION = YES;
				CLANG_WARN_INT_CONVERSION = YES;
				CLANG_WARN_NON_LITERAL_NULL_CONVERSION = YES;
				CLANG_WARN_OBJC_IMPLICIT_RETAIN_SELF = YES;
				CLANG_WARN_OBJC_LITERAL_CONVERSION = YES;
				CLANG_WARN_RANGE_LOOP_ANALYSIS = YES;
				CLANG_WARN_STRICT_PROTOTYPES = YES;
				CLANG_WARN_SUSPICIOUS_MOVE = YES;
				CLANG_WARN_UNREACHABLE_CODE = YES;
				CLANG_WARN__DUPLICATE_METHOD_MATCH = YES;
				ENABLE_STRICT_OBJC_MSGSEND = YES;
				ENABLE_TESTABILITY = YES;
				GCC_NO_COMMON_BLOCKS = YES;
				GCC_WARN_64_TO_32_BIT_CONVERSION = YES;
				GCC_WARN_ABOUT_RETURN_TYPE = YES;
				GCC_WARN_UNDECLARED_SELECTOR = YES;
				GCC_WARN_UNINITIALIZED_AUTOS = YES;
				GCC_WARN_UNUSED_FUNCTION = YES;
				GCC_WARN_UNUSED_VARIABLE = YES;
				ONLY_ACTIVE_ARCH = YES;
			};
			name = Debug;
		};
		D9CC4ABB1D1EF77600C327E5 /* Release */ = {
			isa = XCBuildConfiguration;
			buildSettings = {
				CLANG_WARN_BLOCK_CAPTURE_AUTORELEASING = YES;
				CLANG_WARN_BOOL_CONVERSION = YES;
				CLANG_WARN_COMMA = YES;
				CLANG_WARN_CONSTANT_CONVERSION = YES;
				CLANG_WARN_DEPRECATED_OBJC_IMPLEMENTATIONS = YES;
				CLANG_WARN_EMPTY_BODY = YES;
				CLANG_WARN_ENUM_CONVERSION = YES;
				CLANG_WARN_INFINITE_RECURSION = YES;
				CLANG_WARN_INT_CONVERSION = YES;
				CLANG_WARN_NON_LITERAL_NULL_CONVERSION = YES;
				CLANG_WARN_OBJC_IMPLICIT_RETAIN_SELF = YES;
				CLANG_WARN_OBJC_LITERAL_CONVERSION = YES;
				CLANG_WARN_RANGE_LOOP_ANALYSIS = YES;
				CLANG_WARN_STRICT_PROTOTYPES = YES;
				CLANG_WARN_SUSPICIOUS_MOVE = YES;
				CLANG_WARN_UNREACHABLE_CODE = YES;
				CLANG_WARN__DUPLICATE_METHOD_MATCH = YES;
				ENABLE_STRICT_OBJC_MSGSEND = YES;
				GCC_NO_COMMON_BLOCKS = YES;
				GCC_WARN_64_TO_32_BIT_CONVERSION = YES;
				GCC_WARN_ABOUT_RETURN_TYPE = YES;
				GCC_WARN_UNDECLARED_SELECTOR = YES;
				GCC_WARN_UNINITIALIZED_AUTOS = YES;
				GCC_WARN_UNUSED_FUNCTION = YES;
				GCC_WARN_UNUSED_VARIABLE = YES;
			};
			name = Release;
		};
		D9CC4AC71D1EF7B600C327E5 /* Debug */ = {
			isa = XCBuildConfiguration;
			baseConfigurationReference = 1E2D97BBB555E9E611A831A8 /* Pods-Tests-Pods-macOS.debug.xcconfig */;
			buildSettings = {
				ALWAYS_SEARCH_USER_PATHS = NO;
				CLANG_ANALYZER_NONNULL = YES;
				CLANG_CXX_LANGUAGE_STANDARD = "gnu++0x";
				CLANG_CXX_LIBRARY = "libc++";
				CLANG_ENABLE_MODULES = YES;
				CLANG_ENABLE_OBJC_ARC = YES;
				CLANG_WARN_BOOL_CONVERSION = YES;
				CLANG_WARN_CONSTANT_CONVERSION = YES;
				CLANG_WARN_DIRECT_OBJC_ISA_USAGE = YES_ERROR;
				CLANG_WARN_EMPTY_BODY = YES;
				CLANG_WARN_ENUM_CONVERSION = YES;
				CLANG_WARN_INT_CONVERSION = YES;
				CLANG_WARN_OBJC_ROOT_CLASS = YES_ERROR;
				CLANG_WARN_UNREACHABLE_CODE = YES;
				CLANG_WARN__DUPLICATE_METHOD_MATCH = YES;
				CODE_SIGN_IDENTITY = "-";
				COMBINE_HIDPI_IMAGES = YES;
				COPY_PHASE_STRIP = NO;
				DEBUG_INFORMATION_FORMAT = dwarf;
				ENABLE_STRICT_OBJC_MSGSEND = YES;
				ENABLE_TESTABILITY = YES;
				GCC_C_LANGUAGE_STANDARD = gnu99;
				GCC_DYNAMIC_NO_PIC = NO;
				GCC_NO_COMMON_BLOCKS = YES;
				GCC_OPTIMIZATION_LEVEL = 0;
				GCC_PREPROCESSOR_DEFINITIONS = (
					"DEBUG=1",
					"$(inherited)",
				);
				GCC_WARN_64_TO_32_BIT_CONVERSION = YES;
				GCC_WARN_ABOUT_RETURN_TYPE = YES_ERROR;
				GCC_WARN_UNDECLARED_SELECTOR = YES;
				GCC_WARN_UNINITIALIZED_AUTOS = YES_AGGRESSIVE;
				GCC_WARN_UNUSED_FUNCTION = YES;
				GCC_WARN_UNUSED_VARIABLE = YES;
				INFOPLIST_FILE = "signal-protocol-tests/Info.plist";
				LD_RUNPATH_SEARCH_PATHS = "$(inherited) @executable_path/../Frameworks @loader_path/../Frameworks";
				MACOSX_DEPLOYMENT_TARGET = 10.11;
				MTL_ENABLE_DEBUG_INFO = YES;
				ONLY_ACTIVE_ARCH = YES;
				PRODUCT_BUNDLE_IDENTIFIER = "org.whispersystems.signal-protocol-tests";
				PRODUCT_NAME = "$(TARGET_NAME)";
				SDKROOT = macosx;
			};
			name = Debug;
		};
		D9CC4AC81D1EF7B600C327E5 /* Release */ = {
			isa = XCBuildConfiguration;
			baseConfigurationReference = 1EE146342F4D51357743A3EC /* Pods-Tests-Pods-macOS.release.xcconfig */;
			buildSettings = {
				ALWAYS_SEARCH_USER_PATHS = NO;
				CLANG_ANALYZER_NONNULL = YES;
				CLANG_CXX_LANGUAGE_STANDARD = "gnu++0x";
				CLANG_CXX_LIBRARY = "libc++";
				CLANG_ENABLE_MODULES = YES;
				CLANG_ENABLE_OBJC_ARC = YES;
				CLANG_WARN_BOOL_CONVERSION = YES;
				CLANG_WARN_CONSTANT_CONVERSION = YES;
				CLANG_WARN_DIRECT_OBJC_ISA_USAGE = YES_ERROR;
				CLANG_WARN_EMPTY_BODY = YES;
				CLANG_WARN_ENUM_CONVERSION = YES;
				CLANG_WARN_INT_CONVERSION = YES;
				CLANG_WARN_OBJC_ROOT_CLASS = YES_ERROR;
				CLANG_WARN_UNREACHABLE_CODE = YES;
				CLANG_WARN__DUPLICATE_METHOD_MATCH = YES;
				CODE_SIGN_IDENTITY = "-";
				COMBINE_HIDPI_IMAGES = YES;
				COPY_PHASE_STRIP = NO;
				DEBUG_INFORMATION_FORMAT = "dwarf-with-dsym";
				ENABLE_NS_ASSERTIONS = NO;
				ENABLE_STRICT_OBJC_MSGSEND = YES;
				GCC_C_LANGUAGE_STANDARD = gnu99;
				GCC_NO_COMMON_BLOCKS = YES;
				GCC_WARN_64_TO_32_BIT_CONVERSION = YES;
				GCC_WARN_ABOUT_RETURN_TYPE = YES_ERROR;
				GCC_WARN_UNDECLARED_SELECTOR = YES;
				GCC_WARN_UNINITIALIZED_AUTOS = YES_AGGRESSIVE;
				GCC_WARN_UNUSED_FUNCTION = YES;
				GCC_WARN_UNUSED_VARIABLE = YES;
				INFOPLIST_FILE = "signal-protocol-tests/Info.plist";
				LD_RUNPATH_SEARCH_PATHS = "$(inherited) @executable_path/../Frameworks @loader_path/../Frameworks";
				MACOSX_DEPLOYMENT_TARGET = 10.11;
				MTL_ENABLE_DEBUG_INFO = NO;
				PRODUCT_BUNDLE_IDENTIFIER = "org.whispersystems.signal-protocol-tests";
				PRODUCT_NAME = "$(TARGET_NAME)";
				SDKROOT = macosx;
			};
			name = Release;
		};
/* End XCBuildConfiguration section */

/* Begin XCConfigurationList section */
		D92D742D1E8D96FC00B478E8 /* Build configuration list for PBXNativeTarget "Tests-Framework-macOS" */ = {
			isa = XCConfigurationList;
			buildConfigurations = (
				D92D742B1E8D96FC00B478E8 /* Debug */,
				D92D742C1E8D96FC00B478E8 /* Release */,
			);
			defaultConfigurationIsVisible = 0;
			defaultConfigurationName = Release;
		};
		D92D74441E8D981100B478E8 /* Build configuration list for PBXNativeTarget "Tests-Framework-iOS" */ = {
			isa = XCConfigurationList;
			buildConfigurations = (
				D92D74451E8D981100B478E8 /* Debug */,
				D92D74461E8D981100B478E8 /* Release */,
			);
			defaultConfigurationIsVisible = 0;
			defaultConfigurationName = Release;
		};
		D9CC4AB91D1EF77600C327E5 /* Build configuration list for PBXProject "libsignal-protocol-c" */ = {
			isa = XCConfigurationList;
			buildConfigurations = (
				D9CC4ABA1D1EF77600C327E5 /* Debug */,
				D9CC4ABB1D1EF77600C327E5 /* Release */,
			);
			defaultConfigurationIsVisible = 0;
			defaultConfigurationName = Release;
		};
		D9CC4AC61D1EF7B600C327E5 /* Build configuration list for PBXNativeTarget "Tests-Pods-macOS" */ = {
			isa = XCConfigurationList;
			buildConfigurations = (
				D9CC4AC71D1EF7B600C327E5 /* Debug */,
				D9CC4AC81D1EF7B600C327E5 /* Release */,
			);
			defaultConfigurationIsVisible = 0;
			defaultConfigurationName = Release;
		};
/* End XCConfigurationList section */
	};
	rootObject = D9CC4AB61D1EF77600C327E5 /* Project object */;
}
