PODS:
  - SignalProtocolC (0.1.0)

DEPENDENCIES:
  - SignalProtocolC (from `../SignalProtocolC.podspec`)

EXTERNAL SOURCES:
  SignalProtocolC:
    :podspec: "../SignalProtocolC.podspec"

SPEC CHECKSUMS:
  SignalProtocolC: 693289d20b8991b1d2588740cf48010d3d1ef4f4

PODFILE CHECKSUM: fd8630405254ff7f2574879f79b291ee80dd5fa2

COCOAPODS: 1.1.0.rc.2
